
Microsoft Visual Studio Solution File, Format Version 12.00
# Visual Studio Version 17
VisualStudioVersion = 17.6.33801.468
MinimumVisualStudioVersion = 10.0.40219.1
Project("{9A19103F-16F7-4668-BE54-9A1E7A4F7556}") = "HumanResourcesApi", "HumanResourcesApi\HumanResourcesApi.csproj", "{514ACF3A-540F-46CC-A36B-B404F192889D}"
EndProject
Project("{2150E333-8FDC-42A3-9474-1A3956D46DE8}") = "RentTracking", "RentTracking", "{D33D99D8-17A6-40AA-B219-DCD8B6F4D814}"
EndProject
Project("{9A19103F-16F7-4668-BE54-9A1E7A4F7556}") = "ECommerce.Api.Tenants", "Tenant\ECommerce.Api.Tenants.csproj", "{DCEF0F68-E289-49C4-8FB7-F369972F6EB5}"
EndProject
Project("{2150E333-8FDC-42A3-9474-1A3956D46DE8}") = "UI", "UI", "{FC345C18-363F-4787-A481-1A773EAB4D6E}"
EndProject
Project("{FAE04EC0-301F-11D3-BF4B-00C04F79EFBC}") = "TenantUI", "TenantUI\TenantUI.csproj", "{056C935D-AABA-4CED-922D-57C37B001331}"
EndProject
Global
	GlobalSection(SolutionConfigurationPlatforms) = preSolution
		Debug|Any CPU = Debug|Any CPU
		Release|Any CPU = Release|Any CPU
	EndGlobalSection
	GlobalSection(ProjectConfigurationPlatforms) = postSolution
		{514ACF3A-540F-46CC-A36B-B404F192889D}.Debug|Any CPU.ActiveCfg = Debug|Any CPU
		{514ACF3A-540F-46CC-A36B-B404F192889D}.Debug|Any CPU.Build.0 = Debug|Any CPU
		{514ACF3A-540F-46CC-A36B-B404F192889D}.Release|Any CPU.ActiveCfg = Release|Any CPU
		{514ACF3A-540F-46CC-A36B-B404F192889D}.Release|Any CPU.Build.0 = Release|Any CPU
		{DCEF0F68-E289-49C4-8FB7-F369972F6EB5}.Debug|Any CPU.ActiveCfg = Debug|Any CPU
		{DCEF0F68-E289-49C4-8FB7-F369972F6EB5}.Debug|Any CPU.Build.0 = Debug|Any CPU
		{DCEF0F68-E289-49C4-8FB7-F369972F6EB5}.Release|Any CPU.ActiveCfg = Release|Any CPU
		{DCEF0F68-E289-49C4-8FB7-F369972F6EB5}.Release|Any CPU.Build.0 = Release|Any CPU
		{056C935D-AABA-4CED-922D-57C37B001331}.Debug|Any CPU.ActiveCfg = Debug|Any CPU
		{056C935D-AABA-4CED-922D-57C37B001331}.Debug|Any CPU.Build.0 = Debug|Any CPU
		{056C935D-AABA-4CED-922D-57C37B001331}.Release|Any CPU.ActiveCfg = Release|Any CPU
		{056C935D-AABA-4CED-922D-57C37B001331}.Release|Any CPU.Build.0 = Release|Any CPU
	EndGlobalSection
	GlobalSection(SolutionProperties) = preSolution
		HideSolutionNode = FALSE
	EndGlobalSection
	GlobalSection(NestedProjects) = preSolution
		{DCEF0F68-E289-49C4-8FB7-F369972F6EB5} = {D33D99D8-17A6-40AA-B219-DCD8B6F4D814}
		{056C935D-AABA-4CED-922D-57C37B001331} = {FC345C18-363F-4787-A481-1A773EAB4D6E}
	EndGlobalSection
	GlobalSection(ExtensibilityGlobals) = postSolution
		SolutionGuid = {A4E6F2F2-98F3-485D-BC79-7603976998A6}
	EndGlobalSection
EndGlobal
